
Microsoft Visual Studio Solution File, Format Version 12.00
# Visual Studio Version 17
VisualStudioVersion = 17.6.33723.286
MinimumVisualStudioVersion = 10.0.40219.1
Project("{FAE04EC0-301F-11D3-BF4B-00C04F79EFBC}") = "a-X-a_F", "a-X-a_F.csproj", "{48645A7D-F9A4-460E-9F1D-E0D16867767B}"
EndProject
Global
	GlobalSection(SolutionConfigurationPlatforms) = preSolution
		Debug|Any CPU = Debug|Any CPU
		Release|Any CPU = Release|Any CPU
	EndGlobalSection
	GlobalSection(ProjectConfigurationPlatforms) = postSolution
		{48645A7D-F9A4-460E-9F1D-E0D16867767B}.Debug|Any CPU.ActiveCfg = Debug|Any CPU
		{48645A7D-F9A4-460E-9F1D-E0D16867767B}.Debug|Any CPU.Build.0 = Debug|Any CPU
		{48645A7D-F9A4-460E-9F1D-E0D16867767B}.Release|Any CPU.ActiveCfg = Release|Any CPU
		{48645A7D-F9A4-460E-9F1D-E0D16867767B}.Release|Any CPU.Build.0 = Release|Any CPU
	EndGlobalSection
	GlobalSection(SolutionProperties) = preSolution
		HideSolutionNode = FALSE
	EndGlobalSection
	GlobalSection(ExtensibilityGlobals) = postSolution
		SolutionGuid = {1566A257-769A-4C6A-92F6-56BC78095CF4}
	EndGlobalSection
EndGlobal
